// !$*UTF8*$!
{
	archiveVersion = 1;
	classes = {
	};
	objectVersion = 56;
	objects = {

/* Begin PBXBuildFile section */
		337C36712A98057400920DE5 /* Main.swift in Sources */ = {isa = PBXBuildFile; fileRef = 337C36702A98057400920DE5 /* Main.swift */; };
		337C36732A98057400920DE5 /* AppReducer.swift in Sources */ = {isa = PBXBuildFile; fileRef = 337C36722A98057400920DE5 /* AppReducer.swift */; };
		337C36752A98057600920DE5 /* Assets.xcassets in Resources */ = {isa = PBXBuildFile; fileRef = 337C36742A98057600920DE5 /* Assets.xcassets */; };
		337C36792A98057600920DE5 /* Preview Assets.xcassets in Resources */ = {isa = PBXBuildFile; fileRef = 337C36782A98057600920DE5 /* Preview Assets.xcassets */; };
		337C36832A98057600920DE5 /* KeyboardsTests.swift in Sources */ = {isa = PBXBuildFile; fileRef = 337C36822A98057600920DE5 /* KeyboardsTests.swift */; };
		337C369D2A9805AF00920DE5 /* ComposableArchitecture in Frameworks */ = {isa = PBXBuildFile; productRef = 337C369C2A9805AF00920DE5 /* ComposableArchitecture */; };
		337C36A12A980C7600920DE5 /* KeyboardList.swift in Sources */ = {isa = PBXBuildFile; fileRef = 337C36A02A980C7600920DE5 /* KeyboardList.swift */; };
		337C36A32A980D4F00920DE5 /* Database.swift in Sources */ = {isa = PBXBuildFile; fileRef = 337C36A22A980D4F00920DE5 /* Database.swift */; };
		337C36A62A980DA500920DE5 /* Tagged in Frameworks */ = {isa = PBXBuildFile; productRef = 337C36A52A980DA500920DE5 /* Tagged */; };
		337C36A82A980FEF00920DE5 /* KeyboardDetails.swift in Sources */ = {isa = PBXBuildFile; fileRef = 337C36A72A980FEF00920DE5 /* KeyboardDetails.swift */; };
		337C36AA2A9813B300920DE5 /* Database+Models.swift in Sources */ = {isa = PBXBuildFile; fileRef = 337C36A92A9813B300920DE5 /* Database+Models.swift */; };
		33DCF0902A98252800D34440 /* Database+live.swift in Sources */ = {isa = PBXBuildFile; fileRef = 33DCF08F2A98252800D34440 /* Database+live.swift */; };
/* End PBXBuildFile section */

/* Begin PBXContainerItemProxy section */
		337C367F2A98057600920DE5 /* PBXContainerItemProxy */ = {
			isa = PBXContainerItemProxy;
			containerPortal = 337C36652A98057400920DE5 /* Project object */;
			proxyType = 1;
			remoteGlobalIDString = 337C366C2A98057400920DE5;
			remoteInfo = Keyboards;
		};
/* End PBXContainerItemProxy section */

/* Begin PBXFileReference section */
		337C366D2A98057400920DE5 /* Keyboards.app */ = {isa = PBXFileReference; explicitFileType = wrapper.application; includeInIndex = 0; path = Keyboards.app; sourceTree = BUILT_PRODUCTS_DIR; };
		337C36702A98057400920DE5 /* Main.swift */ = {isa = PBXFileReference; lastKnownFileType = sourcecode.swift; path = Main.swift; sourceTree = "<group>"; };
		337C36722A98057400920DE5 /* AppReducer.swift */ = {isa = PBXFileReference; lastKnownFileType = sourcecode.swift; path = AppReducer.swift; sourceTree = "<group>"; };
		337C36742A98057600920DE5 /* Assets.xcassets */ = {isa = PBXFileReference; lastKnownFileType = folder.assetcatalog; path = Assets.xcassets; sourceTree = "<group>"; };
		337C36762A98057600920DE5 /* Keyboards.entitlements */ = {isa = PBXFileReference; lastKnownFileType = text.plist.entitlements; path = Keyboards.entitlements; sourceTree = "<group>"; };
		337C36782A98057600920DE5 /* Preview Assets.xcassets */ = {isa = PBXFileReference; lastKnownFileType = folder.assetcatalog; path = "Preview Assets.xcassets"; sourceTree = "<group>"; };
		337C367E2A98057600920DE5 /* KeyboardsTests.xctest */ = {isa = PBXFileReference; explicitFileType = wrapper.cfbundle; includeInIndex = 0; path = KeyboardsTests.xctest; sourceTree = BUILT_PRODUCTS_DIR; };
		337C36822A98057600920DE5 /* KeyboardsTests.swift */ = {isa = PBXFileReference; lastKnownFileType = sourcecode.swift; path = KeyboardsTests.swift; sourceTree = "<group>"; };
		337C36A02A980C7600920DE5 /* KeyboardList.swift */ = {isa = PBXFileReference; lastKnownFileType = sourcecode.swift; path = KeyboardList.swift; sourceTree = "<group>"; };
		337C36A22A980D4F00920DE5 /* Database.swift */ = {isa = PBXFileReference; lastKnownFileType = sourcecode.swift; path = Database.swift; sourceTree = "<group>"; };
		337C36A72A980FEF00920DE5 /* KeyboardDetails.swift */ = {isa = PBXFileReference; lastKnownFileType = sourcecode.swift; path = KeyboardDetails.swift; sourceTree = "<group>"; };
		337C36A92A9813B300920DE5 /* Database+Models.swift */ = {isa = PBXFileReference; lastKnownFileType = sourcecode.swift; path = "Database+Models.swift"; sourceTree = "<group>"; };
		33DCF08F2A98252800D34440 /* Database+live.swift */ = {isa = PBXFileReference; lastKnownFileType = sourcecode.swift; path = "Database+live.swift"; sourceTree = "<group>"; };
/* End PBXFileReference section */

/* Begin PBXFrameworksBuildPhase section */
		337C366A2A98057400920DE5 /* Frameworks */ = {
			isa = PBXFrameworksBuildPhase;
			buildActionMask = 2147483647;
			files = (
				337C36A62A980DA500920DE5 /* Tagged in Frameworks */,
				337C369D2A9805AF00920DE5 /* ComposableArchitecture in Frameworks */,
			);
			runOnlyForDeploymentPostprocessing = 0;
		};
		337C367B2A98057600920DE5 /* Frameworks */ = {
			isa = PBXFrameworksBuildPhase;
			buildActionMask = 2147483647;
			files = (
			);
			runOnlyForDeploymentPostprocessing = 0;
		};
/* End PBXFrameworksBuildPhase section */

/* Begin PBXGroup section */
		337C36642A98057400920DE5 = {
			isa = PBXGroup;
			children = (
				337C366F2A98057400920DE5 /* Keyboards */,
				337C36812A98057600920DE5 /* KeyboardsTests */,
				337C366E2A98057400920DE5 /* Products */,
			);
			sourceTree = "<group>";
		};
		337C366E2A98057400920DE5 /* Products */ = {
			isa = PBXGroup;
			children = (
				337C366D2A98057400920DE5 /* Keyboards.app */,
				337C367E2A98057600920DE5 /* KeyboardsTests.xctest */,
			);
			name = Products;
			sourceTree = "<group>";
		};
		337C366F2A98057400920DE5 /* Keyboards */ = {
			isa = PBXGroup;
			children = (
				337C36AC2A9815EA00920DE5 /* Dependencies */,
				337C36AB2A9815E600920DE5 /* Features */,
				337C36772A98057600920DE5 /* Preview Content */,
				337C36AD2A9815F700920DE5 /* Resources */,
			);
			path = Keyboards;
			sourceTree = "<group>";
		};
		337C36772A98057600920DE5 /* Preview Content */ = {
			isa = PBXGroup;
			children = (
				337C36782A98057600920DE5 /* Preview Assets.xcassets */,
			);
			path = "Preview Content";
			sourceTree = "<group>";
		};
		337C36812A98057600920DE5 /* KeyboardsTests */ = {
			isa = PBXGroup;
			children = (
				337C36822A98057600920DE5 /* KeyboardsTests.swift */,
			);
			path = KeyboardsTests;
			sourceTree = "<group>";
		};
		337C36AB2A9815E600920DE5 /* Features */ = {
			isa = PBXGroup;
			children = (
				337C36AF2A98167000920DE5 /* AppReducer */,
				337C36B02A98167600920DE5 /* Keyboards */,
			);
			path = Features;
			sourceTree = "<group>";
		};
		337C36AC2A9815EA00920DE5 /* Dependencies */ = {
			isa = PBXGroup;
			children = (
				337C36AE2A98160800920DE5 /* Database */,
			);
			path = Dependencies;
			sourceTree = "<group>";
		};
		337C36AD2A9815F700920DE5 /* Resources */ = {
			isa = PBXGroup;
			children = (
				337C36742A98057600920DE5 /* Assets.xcassets */,
				337C36762A98057600920DE5 /* Keyboards.entitlements */,
				337C36702A98057400920DE5 /* Main.swift */,
			);
			path = Resources;
			sourceTree = "<group>";
		};
		337C36AE2A98160800920DE5 /* Database */ = {
			isa = PBXGroup;
			children = (
				337C36A92A9813B300920DE5 /* Database+Models.swift */,
				337C36A22A980D4F00920DE5 /* Database.swift */,
				33DCF08F2A98252800D34440 /* Database+live.swift */,
			);
			path = Database;
			sourceTree = "<group>";
		};
		337C36AF2A98167000920DE5 /* AppReducer */ = {
			isa = PBXGroup;
			children = (
				337C36722A98057400920DE5 /* AppReducer.swift */,
			);
			path = AppReducer;
			sourceTree = "<group>";
		};
		337C36B02A98167600920DE5 /* Keyboards */ = {
			isa = PBXGroup;
			children = (
				337C36A72A980FEF00920DE5 /* KeyboardDetails.swift */,
				337C36A02A980C7600920DE5 /* KeyboardList.swift */,
			);
			path = Keyboards;
			sourceTree = "<group>";
		};
/* End PBXGroup section */

/* Begin PBXNativeTarget section */
		337C366C2A98057400920DE5 /* Keyboards */ = {
			isa = PBXNativeTarget;
			buildConfigurationList = 337C36922A98057600920DE5 /* Build configuration list for PBXNativeTarget "Keyboards" */;
			buildPhases = (
				337C36692A98057400920DE5 /* Sources */,
				337C366A2A98057400920DE5 /* Frameworks */,
				337C366B2A98057400920DE5 /* Resources */,
			);
			buildRules = (
			);
			dependencies = (
			);
			name = Keyboards;
			packageProductDependencies = (
				337C369C2A9805AF00920DE5 /* ComposableArchitecture */,
				337C36A52A980DA500920DE5 /* Tagged */,
			);
			productName = Keyboards;
			productReference = 337C366D2A98057400920DE5 /* Keyboards.app */;
			productType = "com.apple.product-type.application";
		};
		337C367D2A98057600920DE5 /* KeyboardsTests */ = {
			isa = PBXNativeTarget;
			buildConfigurationList = 337C36952A98057600920DE5 /* Build configuration list for PBXNativeTarget "KeyboardsTests" */;
			buildPhases = (
				337C367A2A98057600920DE5 /* Sources */,
				337C367B2A98057600920DE5 /* Frameworks */,
				337C367C2A98057600920DE5 /* Resources */,
			);
			buildRules = (
			);
			dependencies = (
				337C36802A98057600920DE5 /* PBXTargetDependency */,
			);
			name = KeyboardsTests;
			productName = KeyboardsTests;
			productReference = 337C367E2A98057600920DE5 /* KeyboardsTests.xctest */;
			productType = "com.apple.product-type.bundle.unit-test";
		};
/* End PBXNativeTarget section */

/* Begin PBXProject section */
		337C36652A98057400920DE5 /* Project object */ = {
			isa = PBXProject;
			attributes = {
				BuildIndependentTargetsInParallel = 1;
				LastSwiftUpdateCheck = 1430;
				LastUpgradeCheck = 1430;
				TargetAttributes = {
					337C366C2A98057400920DE5 = {
						CreatedOnToolsVersion = 14.3.1;
					};
					337C367D2A98057600920DE5 = {
						CreatedOnToolsVersion = 14.3.1;
						TestTargetID = 337C366C2A98057400920DE5;
					};
				};
			};
			buildConfigurationList = 337C36682A98057400920DE5 /* Build configuration list for PBXProject "Keyboards" */;
			compatibilityVersion = "Xcode 14.0";
			developmentRegion = en;
			hasScannedForEncodings = 0;
			knownRegions = (
				en,
				Base,
			);
			mainGroup = 337C36642A98057400920DE5;
			packageReferences = (
				337C369B2A9805AF00920DE5 /* XCRemoteSwiftPackageReference "swift-composable-architecture" */,
				337C36A42A980DA500920DE5 /* XCRemoteSwiftPackageReference "swift-tagged" */,
			);
			productRefGroup = 337C366E2A98057400920DE5 /* Products */;
			projectDirPath = "";
			projectRoot = "";
			targets = (
				337C366C2A98057400920DE5 /* Keyboards */,
				337C367D2A98057600920DE5 /* KeyboardsTests */,
			);
		};
/* End PBXProject section */

/* Begin PBXResourcesBuildPhase section */
		337C366B2A98057400920DE5 /* Resources */ = {
			isa = PBXResourcesBuildPhase;
			buildActionMask = 2147483647;
			files = (
				337C36792A98057600920DE5 /* Preview Assets.xcassets in Resources */,
				337C36752A98057600920DE5 /* Assets.xcassets in Resources */,
			);
			runOnlyForDeploymentPostprocessing = 0;
		};
		337C367C2A98057600920DE5 /* Resources */ = {
			isa = PBXResourcesBuildPhase;
			buildActionMask = 2147483647;
			files = (
			);
			runOnlyForDeploymentPostprocessing = 0;
		};
/* End PBXResourcesBuildPhase section */

/* Begin PBXSourcesBuildPhase section */
		337C36692A98057400920DE5 /* Sources */ = {
			isa = PBXSourcesBuildPhase;
			buildActionMask = 2147483647;
			files = (
				337C36732A98057400920DE5 /* AppReducer.swift in Sources */,
				337C36AA2A9813B300920DE5 /* Database+Models.swift in Sources */,
				337C36A12A980C7600920DE5 /* KeyboardList.swift in Sources */,
				337C36712A98057400920DE5 /* Main.swift in Sources */,
				337C36A32A980D4F00920DE5 /* Database.swift in Sources */,
				33DCF0902A98252800D34440 /* Database+live.swift in Sources */,
				337C36A82A980FEF00920DE5 /* KeyboardDetails.swift in Sources */,
			);
			runOnlyForDeploymentPostprocessing = 0;
		};
		337C367A2A98057600920DE5 /* Sources */ = {
			isa = PBXSourcesBuildPhase;
			buildActionMask = 2147483647;
			files = (
				337C36832A98057600920DE5 /* KeyboardsTests.swift in Sources */,
			);
			runOnlyForDeploymentPostprocessing = 0;
		};
/* End PBXSourcesBuildPhase section */

/* Begin PBXTargetDependency section */
		337C36802A98057600920DE5 /* PBXTargetDependency */ = {
			isa = PBXTargetDependency;
			target = 337C366C2A98057400920DE5 /* Keyboards */;
			targetProxy = 337C367F2A98057600920DE5 /* PBXContainerItemProxy */;
		};
/* End PBXTargetDependency section */

/* Begin XCBuildConfiguration section */
		337C36902A98057600920DE5 /* Debug */ = {
			isa = XCBuildConfiguration;
			buildSettings = {
				ALWAYS_SEARCH_USER_PATHS = NO;
				CLANG_ANALYZER_NONNULL = YES;
				CLANG_ANALYZER_NUMBER_OBJECT_CONVERSION = YES_AGGRESSIVE;
				CLANG_CXX_LANGUAGE_STANDARD = "gnu++20";
				CLANG_ENABLE_MODULES = YES;
				CLANG_ENABLE_OBJC_ARC = YES;
				CLANG_ENABLE_OBJC_WEAK = YES;
				CLANG_WARN_BLOCK_CAPTURE_AUTORELEASING = YES;
				CLANG_WARN_BOOL_CONVERSION = YES;
				CLANG_WARN_COMMA = YES;
				CLANG_WARN_CONSTANT_CONVERSION = YES;
				CLANG_WARN_DEPRECATED_OBJC_IMPLEMENTATIONS = YES;
				CLANG_WARN_DIRECT_OBJC_ISA_USAGE = YES_ERROR;
				CLANG_WARN_DOCUMENTATION_COMMENTS = YES;
				CLANG_WARN_EMPTY_BODY = YES;
				CLANG_WARN_ENUM_CONVERSION = YES;
				CLANG_WARN_INFINITE_RECURSION = YES;
				CLANG_WARN_INT_CONVERSION = YES;
				CLANG_WARN_NON_LITERAL_NULL_CONVERSION = YES;
				CLANG_WARN_OBJC_IMPLICIT_RETAIN_SELF = YES;
				CLANG_WARN_OBJC_LITERAL_CONVERSION = YES;
				CLANG_WARN_OBJC_ROOT_CLASS = YES_ERROR;
				CLANG_WARN_QUOTED_INCLUDE_IN_FRAMEWORK_HEADER = YES;
				CLANG_WARN_RANGE_LOOP_ANALYSIS = YES;
				CLANG_WARN_STRICT_PROTOTYPES = YES;
				CLANG_WARN_SUSPICIOUS_MOVE = YES;
				CLANG_WARN_UNGUARDED_AVAILABILITY = YES_AGGRESSIVE;
				CLANG_WARN_UNREACHABLE_CODE = YES;
				CLANG_WARN__DUPLICATE_METHOD_MATCH = YES;
				COPY_PHASE_STRIP = NO;
				DEBUG_INFORMATION_FORMAT = dwarf;
				ENABLE_STRICT_OBJC_MSGSEND = YES;
				ENABLE_TESTABILITY = YES;
				GCC_C_LANGUAGE_STANDARD = gnu11;
				GCC_DYNAMIC_NO_PIC = NO;
				GCC_NO_COMMON_BLOCKS = YES;
				GCC_OPTIMIZATION_LEVEL = 0;
				GCC_PREPROCESSOR_DEFINITIONS = (
					"DEBUG=1",
					"$(inherited)",
				);
				GCC_WARN_64_TO_32_BIT_CONVERSION = YES;
				GCC_WARN_ABOUT_RETURN_TYPE = YES_ERROR;
				GCC_WARN_UNDECLARED_SELECTOR = YES;
				GCC_WARN_UNINITIALIZED_AUTOS = YES_AGGRESSIVE;
				GCC_WARN_UNUSED_FUNCTION = YES;
				GCC_WARN_UNUSED_VARIABLE = YES;
				MTL_ENABLE_DEBUG_INFO = INCLUDE_SOURCE;
				MTL_FAST_MATH = YES;
				ONLY_ACTIVE_ARCH = YES;
				SWIFT_ACTIVE_COMPILATION_CONDITIONS = DEBUG;
				SWIFT_OPTIMIZATION_LEVEL = "-Onone";
			};
			name = Debug;
		};
		337C36912A98057600920DE5 /* Release */ = {
			isa = XCBuildConfiguration;
			buildSettings = {
				ALWAYS_SEARCH_USER_PATHS = NO;
				CLANG_ANALYZER_NONNULL = YES;
				CLANG_ANALYZER_NUMBER_OBJECT_CONVERSION = YES_AGGRESSIVE;
				CLANG_CXX_LANGUAGE_STANDARD = "gnu++20";
				CLANG_ENABLE_MODULES = YES;
				CLANG_ENABLE_OBJC_ARC = YES;
				CLANG_ENABLE_OBJC_WEAK = YES;
				CLANG_WARN_BLOCK_CAPTURE_AUTORELEASING = YES;
				CLANG_WARN_BOOL_CONVERSION = YES;
				CLANG_WARN_COMMA = YES;
				CLANG_WARN_CONSTANT_CONVERSION = YES;
				CLANG_WARN_DEPRECATED_OBJC_IMPLEMENTATIONS = YES;
				CLANG_WARN_DIRECT_OBJC_ISA_USAGE = YES_ERROR;
				CLANG_WARN_DOCUMENTATION_COMMENTS = YES;
				CLANG_WARN_EMPTY_BODY = YES;
				CLANG_WARN_ENUM_CONVERSION = YES;
				CLANG_WARN_INFINITE_RECURSION = YES;
				CLANG_WARN_INT_CONVERSION = YES;
				CLANG_WARN_NON_LITERAL_NULL_CONVERSION = YES;
				CLANG_WARN_OBJC_IMPLICIT_RETAIN_SELF = YES;
				CLANG_WARN_OBJC_LITERAL_CONVERSION = YES;
				CLANG_WARN_OBJC_ROOT_CLASS = YES_ERROR;
				CLANG_WARN_QUOTED_INCLUDE_IN_FRAMEWORK_HEADER = YES;
				CLANG_WARN_RANGE_LOOP_ANALYSIS = YES;
				CLANG_WARN_STRICT_PROTOTYPES = YES;
				CLANG_WARN_SUSPICIOUS_MOVE = YES;
				CLANG_WARN_UNGUARDED_AVAILABILITY = YES_AGGRESSIVE;
				CLANG_WARN_UNREACHABLE_CODE = YES;
				CLANG_WARN__DUPLICATE_METHOD_MATCH = YES;
				COPY_PHASE_STRIP = NO;
				DEBUG_INFORMATION_FORMAT = "dwarf-with-dsym";
				ENABLE_NS_ASSERTIONS = NO;
				ENABLE_STRICT_OBJC_MSGSEND = YES;
				GCC_C_LANGUAGE_STANDARD = gnu11;
				GCC_NO_COMMON_BLOCKS = YES;
				GCC_WARN_64_TO_32_BIT_CONVERSION = YES;
				GCC_WARN_ABOUT_RETURN_TYPE = YES_ERROR;
				GCC_WARN_UNDECLARED_SELECTOR = YES;
				GCC_WARN_UNINITIALIZED_AUTOS = YES_AGGRESSIVE;
				GCC_WARN_UNUSED_FUNCTION = YES;
				GCC_WARN_UNUSED_VARIABLE = YES;
				MTL_ENABLE_DEBUG_INFO = NO;
				MTL_FAST_MATH = YES;
				SWIFT_COMPILATION_MODE = wholemodule;
				SWIFT_OPTIMIZATION_LEVEL = "-O";
			};
			name = Release;
		};
		337C36932A98057600920DE5 /* Debug */ = {
			isa = XCBuildConfiguration;
			buildSettings = {
				ASSETCATALOG_COMPILER_APPICON_NAME = AppIcon;
				ASSETCATALOG_COMPILER_GLOBAL_ACCENT_COLOR_NAME = AccentColor;
				CODE_SIGN_ENTITLEMENTS = Keyboards/Resources/Keyboards.entitlements;
				CODE_SIGN_STYLE = Automatic;
				CURRENT_PROJECT_VERSION = 1;
				DEVELOPMENT_ASSET_PATHS = "\"Keyboards/Preview Content\"";
				DEVELOPMENT_TEAM = ME637H7ZM9;
				ENABLE_HARDENED_RUNTIME = YES;
				ENABLE_PREVIEWS = YES;
				GENERATE_INFOPLIST_FILE = YES;
				"INFOPLIST_KEY_UIApplicationSceneManifest_Generation[sdk=iphoneos*]" = YES;
				"INFOPLIST_KEY_UIApplicationSceneManifest_Generation[sdk=iphonesimulator*]" = YES;
				"INFOPLIST_KEY_UIApplicationSupportsIndirectInputEvents[sdk=iphoneos*]" = YES;
				"INFOPLIST_KEY_UIApplicationSupportsIndirectInputEvents[sdk=iphonesimulator*]" = YES;
				"INFOPLIST_KEY_UILaunchScreen_Generation[sdk=iphoneos*]" = YES;
				"INFOPLIST_KEY_UILaunchScreen_Generation[sdk=iphonesimulator*]" = YES;
				"INFOPLIST_KEY_UIStatusBarStyle[sdk=iphoneos*]" = UIStatusBarStyleDefault;
				"INFOPLIST_KEY_UIStatusBarStyle[sdk=iphonesimulator*]" = UIStatusBarStyleDefault;
				INFOPLIST_KEY_UISupportedInterfaceOrientations_iPad = "UIInterfaceOrientationPortrait UIInterfaceOrientationPortraitUpsideDown UIInterfaceOrientationLandscapeLeft UIInterfaceOrientationLandscapeRight";
				INFOPLIST_KEY_UISupportedInterfaceOrientations_iPhone = "UIInterfaceOrientationPortrait UIInterfaceOrientationLandscapeLeft UIInterfaceOrientationLandscapeRight";
				IPHONEOS_DEPLOYMENT_TARGET = 16.4;
				LD_RUNPATH_SEARCH_PATHS = "@executable_path/Frameworks";
				"LD_RUNPATH_SEARCH_PATHS[sdk=macosx*]" = "@executable_path/../Frameworks";
				MACOSX_DEPLOYMENT_TARGET = 13.3;
				MARKETING_VERSION = 1.0;
				PRODUCT_BUNDLE_IDENTIFIER = com.deda.Keyboards;
				PRODUCT_NAME = "$(TARGET_NAME)";
				SDKROOT = auto;
				SUPPORTED_PLATFORMS = "iphoneos iphonesimulator macosx";
				SWIFT_EMIT_LOC_STRINGS = YES;
				SWIFT_VERSION = 5.0;
				TARGETED_DEVICE_FAMILY = "1,2";
			};
			name = Debug;
		};
		337C36942A98057600920DE5 /* Release */ = {
			isa = XCBuildConfiguration;
			buildSettings = {
				ASSETCATALOG_COMPILER_APPICON_NAME = AppIcon;
				ASSETCATALOG_COMPILER_GLOBAL_ACCENT_COLOR_NAME = AccentColor;
				CODE_SIGN_ENTITLEMENTS = Keyboards/Resources/Keyboards.entitlements;
				CODE_SIGN_STYLE = Automatic;
				CURRENT_PROJECT_VERSION = 1;
				DEVELOPMENT_ASSET_PATHS = "\"Keyboards/Preview Content\"";
				DEVELOPMENT_TEAM = ME637H7ZM9;
				ENABLE_HARDENED_RUNTIME = YES;
				ENABLE_PREVIEWS = YES;
				GENERATE_INFOPLIST_FILE = YES;
				"INFOPLIST_KEY_UIApplicationSceneManifest_Generation[sdk=iphoneos*]" = YES;
				"INFOPLIST_KEY_UIApplicationSceneManifest_Generation[sdk=iphonesimulator*]" = YES;
				"INFOPLIST_KEY_UIApplicationSupportsIndirectInputEvents[sdk=iphoneos*]" = YES;
				"INFOPLIST_KEY_UIApplicationSupportsIndirectInputEvents[sdk=iphonesimulator*]" = YES;
				"INFOPLIST_KEY_UILaunchScreen_Generation[sdk=iphoneos*]" = YES;
				"INFOPLIST_KEY_UILaunchScreen_Generation[sdk=iphonesimulator*]" = YES;
				"INFOPLIST_KEY_UIStatusBarStyle[sdk=iphoneos*]" = UIStatusBarStyleDefault;
				"INFOPLIST_KEY_UIStatusBarStyle[sdk=iphonesimulator*]" = UIStatusBarStyleDefault;
				INFOPLIST_KEY_UISupportedInterfaceOrientations_iPad = "UIInterfaceOrientationPortrait UIInterfaceOrientationPortraitUpsideDown UIInterfaceOrientationLandscapeLeft UIInterfaceOrientationLandscapeRight";
				INFOPLIST_KEY_UISupportedInterfaceOrientations_iPhone = "UIInterfaceOrientationPortrait UIInterfaceOrientationLandscapeLeft UIInterfaceOrientationLandscapeRight";
				IPHONEOS_DEPLOYMENT_TARGET = 16.4;
				LD_RUNPATH_SEARCH_PATHS = "@executable_path/Frameworks";
				"LD_RUNPATH_SEARCH_PATHS[sdk=macosx*]" = "@executable_path/../Frameworks";
				MACOSX_DEPLOYMENT_TARGET = 13.3;
				MARKETING_VERSION = 1.0;
				PRODUCT_BUNDLE_IDENTIFIER = com.deda.Keyboards;
				PRODUCT_NAME = "$(TARGET_NAME)";
				SDKROOT = auto;
				SUPPORTED_PLATFORMS = "iphoneos iphonesimulator macosx";
				SWIFT_EMIT_LOC_STRINGS = YES;
				SWIFT_VERSION = 5.0;
				TARGETED_DEVICE_FAMILY = "1,2";
			};
			name = Release;
		};
		337C36962A98057600920DE5 /* Debug */ = {
			isa = XCBuildConfiguration;
			buildSettings = {
				ALWAYS_EMBED_SWIFT_STANDARD_LIBRARIES = YES;
				BUNDLE_LOADER = "$(TEST_HOST)";
				CODE_SIGN_STYLE = Automatic;
				CURRENT_PROJECT_VERSION = 1;
				DEVELOPMENT_TEAM = ME637H7ZM9;
				GENERATE_INFOPLIST_FILE = YES;
				IPHONEOS_DEPLOYMENT_TARGET = 16.4;
				MACOSX_DEPLOYMENT_TARGET = 13.3;
				MARKETING_VERSION = 1.0;
				PRODUCT_BUNDLE_IDENTIFIER = com.deda.KeyboardsTests;
				PRODUCT_NAME = "$(TARGET_NAME)";
				SDKROOT = auto;
				SUPPORTED_PLATFORMS = "iphoneos iphonesimulator macosx";
				SWIFT_EMIT_LOC_STRINGS = NO;
				SWIFT_VERSION = 5.0;
				TARGETED_DEVICE_FAMILY = "1,2";
				TEST_HOST = "$(BUILT_PRODUCTS_DIR)/Keyboards.app/$(BUNDLE_EXECUTABLE_FOLDER_PATH)/Keyboards";
			};
			name = Debug;
		};
		337C36972A98057600920DE5 /* Release */ = {
			isa = XCBuildConfiguration;
			buildSettings = {
				ALWAYS_EMBED_SWIFT_STANDARD_LIBRARIES = YES;
				BUNDLE_LOADER = "$(TEST_HOST)";
				CODE_SIGN_STYLE = Automatic;
				CURRENT_PROJECT_VERSION = 1;
				DEVELOPMENT_TEAM = ME637H7ZM9;
				GENERATE_INFOPLIST_FILE = YES;
				IPHONEOS_DEPLOYMENT_TARGET = 16.4;
				MACOSX_DEPLOYMENT_TARGET = 13.3;
				MARKETING_VERSION = 1.0;
				PRODUCT_BUNDLE_IDENTIFIER = com.deda.KeyboardsTests;
				PRODUCT_NAME = "$(TARGET_NAME)";
				SDKROOT = auto;
				SUPPORTED_PLATFORMS = "iphoneos iphonesimulator macosx";
				SWIFT_EMIT_LOC_STRINGS = NO;
				SWIFT_VERSION = 5.0;
				TARGETED_DEVICE_FAMILY = "1,2";
				TEST_HOST = "$(BUILT_PRODUCTS_DIR)/Keyboards.app/$(BUNDLE_EXECUTABLE_FOLDER_PATH)/Keyboards";
			};
			name = Release;
		};
/* End XCBuildConfiguration section */

/* Begin XCConfigurationList section */
		337C36682A98057400920DE5 /* Build configuration list for PBXProject "Keyboards" */ = {
			isa = XCConfigurationList;
			buildConfigurations = (
				337C36902A98057600920DE5 /* Debug */,
				337C36912A98057600920DE5 /* Release */,
			);
			defaultConfigurationIsVisible = 0;
			defaultConfigurationName = Release;
		};
		337C36922A98057600920DE5 /* Build configuration list for PBXNativeTarget "Keyboards" */ = {
			isa = XCConfigurationList;
			buildConfigurations = (
				337C36932A98057600920DE5 /* Debug */,
				337C36942A98057600920DE5 /* Release */,
			);
			defaultConfigurationIsVisible = 0;
			defaultConfigurationName = Release;
		};
		337C36952A98057600920DE5 /* Build configuration list for PBXNativeTarget "KeyboardsTests" */ = {
			isa = XCConfigurationList;
			buildConfigurations = (
				337C36962A98057600920DE5 /* Debug */,
				337C36972A98057600920DE5 /* Release */,
			);
			defaultConfigurationIsVisible = 0;
			defaultConfigurationName = Release;
		};
/* End XCConfigurationList section */

/* Begin XCRemoteSwiftPackageReference section */
		337C369B2A9805AF00920DE5 /* XCRemoteSwiftPackageReference "swift-composable-architecture" */ = {
			isa = XCRemoteSwiftPackageReference;
			repositoryURL = "https://github.com/pointfreeco/swift-composable-architecture";
			requirement = {
				kind = upToNextMajorVersion;
				minimumVersion = 1.0.0;
			};
		};
		337C36A42A980DA500920DE5 /* XCRemoteSwiftPackageReference "swift-tagged" */ = {
			isa = XCRemoteSwiftPackageReference;
			repositoryURL = "https://github.com/pointfreeco/swift-tagged";
			requirement = {
				kind = upToNextMajorVersion;
				minimumVersion = 0.10.0;
			};
		};
/* End XCRemoteSwiftPackageReference section */

/* Begin XCSwiftPackageProductDependency section */
		337C369C2A9805AF00920DE5 /* ComposableArchitecture */ = {
			isa = XCSwiftPackageProductDependency;
			package = 337C369B2A9805AF00920DE5 /* XCRemoteSwiftPackageReference "swift-composable-architecture" */;
			productName = ComposableArchitecture;
		};
		337C36A52A980DA500920DE5 /* Tagged */ = {
			isa = XCSwiftPackageProductDependency;
			package = 337C36A42A980DA500920DE5 /* XCRemoteSwiftPackageReference "swift-tagged" */;
			productName = Tagged;
		};
/* End XCSwiftPackageProductDependency section */
	};
	rootObject = 337C36652A98057400920DE5 /* Project object */;
}
