// !$*UTF8*$!
{
	archiveVersion = 1;
	classes = {
	};
	objectVersion = 56;
	objects = {

/* Begin PBXBuildFile section */
		337C36712A98057400920DE5 /* KeyboardsApp.swift in Sources */ = {isa = PBXBuildFile; fileRef = 337C36702A98057400920DE5 /* KeyboardsApp.swift */; };
		337C36732A98057400920DE5 /* ContentView.swift in Sources */ = {isa = PBXBuildFile; fileRef = 337C36722A98057400920DE5 /* ContentView.swift */; };
		337C36752A98057600920DE5 /* Assets.xcassets in Resources */ = {isa = PBXBuildFile; fileRef = 337C36742A98057600920DE5 /* Assets.xcassets */; };
		337C36792A98057600920DE5 /* Preview Assets.xcassets in Resources */ = {isa = PBXBuildFile; fileRef = 337C36782A98057600920DE5 /* Preview Assets.xcassets */; };
		337C36832A98057600920DE5 /* KeyboardsTests.swift in Sources */ = {isa = PBXBuildFile; fileRef = 337C36822A98057600920DE5 /* KeyboardsTests.swift */; };
		337C368D2A98057600920DE5 /* KeyboardsUITests.swift in Sources */ = {isa = PBXBuildFile; fileRef = 337C368C2A98057600920DE5 /* KeyboardsUITests.swift */; };
		337C368F2A98057600920DE5 /* KeyboardsUITestsLaunchTests.swift in Sources */ = {isa = PBXBuildFile; fileRef = 337C368E2A98057600920DE5 /* KeyboardsUITestsLaunchTests.swift */; };
/* End PBXBuildFile section */

/* Begin PBXContainerItemProxy section */
		337C367F2A98057600920DE5 /* PBXContainerItemProxy */ = {
			isa = PBXContainerItemProxy;
			containerPortal = 337C36652A98057400920DE5 /* Project object */;
			proxyType = 1;
			remoteGlobalIDString = 337C366C2A98057400920DE5;
			remoteInfo = Keyboards;
		};
		337C36892A98057600920DE5 /* PBXContainerItemProxy */ = {
			isa = PBXContainerItemProxy;
			containerPortal = 337C36652A98057400920DE5 /* Project object */;
			proxyType = 1;
			remoteGlobalIDString = 337C366C2A98057400920DE5;
			remoteInfo = Keyboards;
		};
/* End PBXContainerItemProxy section */

/* Begin PBXFileReference section */
		337C366D2A98057400920DE5 /* Keyboards.app */ = {isa = PBXFileReference; explicitFileType = wrapper.application; includeInIndex = 0; path = Keyboards.app; sourceTree = BUILT_PRODUCTS_DIR; };
		337C36702A98057400920DE5 /* KeyboardsApp.swift */ = {isa = PBXFileReference; lastKnownFileType = sourcecode.swift; path = KeyboardsApp.swift; sourceTree = "<group>"; };
		337C36722A98057400920DE5 /* ContentView.swift */ = {isa = PBXFileReference; lastKnownFileType = sourcecode.swift; path = ContentView.swift; sourceTree = "<group>"; };
		337C36742A98057600920DE5 /* Assets.xcassets */ = {isa = PBXFileReference; lastKnownFileType = folder.assetcatalog; path = Assets.xcassets; sourceTree = "<group>"; };
		337C36762A98057600920DE5 /* Keyboards.entitlements */ = {isa = PBXFileReference; lastKnownFileType = text.plist.entitlements; path = Keyboards.entitlements; sourceTree = "<group>"; };
		337C36782A98057600920DE5 /* Preview Assets.xcassets */ = {isa = PBXFileReference; lastKnownFileType = folder.assetcatalog; path = "Preview Assets.xcassets"; sourceTree = "<group>"; };
		337C367E2A98057600920DE5 /* KeyboardsTests.xctest */ = {isa = PBXFileReference; explicitFileType = wrapper.cfbundle; includeInIndex = 0; path = KeyboardsTests.xctest; sourceTree = BUILT_PRODUCTS_DIR; };
		337C36822A98057600920DE5 /* KeyboardsTests.swift */ = {isa = PBXFileReference; lastKnownFileType = sourcecode.swift; path = KeyboardsTests.swift; sourceTree = "<group>"; };
		337C36882A98057600920DE5 /* KeyboardsUITests.xctest */ = {isa = PBXFileReference; explicitFileType = wrapper.cfbundle; includeInIndex = 0; path = KeyboardsUITests.xctest; sourceTree = BUILT_PRODUCTS_DIR; };
		337C368C2A98057600920DE5 /* KeyboardsUITests.swift */ = {isa = PBXFileReference; lastKnownFileType = sourcecode.swift; path = KeyboardsUITests.swift; sourceTree = "<group>"; };
		337C368E2A98057600920DE5 /* KeyboardsUITestsLaunchTests.swift */ = {isa = PBXFileReference; lastKnownFileType = sourcecode.swift; path = KeyboardsUITestsLaunchTests.swift; sourceTree = "<group>"; };
/* End PBXFileReference section */

/* Begin PBXFrameworksBuildPhase section */
		337C366A2A98057400920DE5 /* Frameworks */ = {
			isa = PBXFrameworksBuildPhase;
			buildActionMask = 2147483647;
			files = (
			);
			runOnlyForDeploymentPostprocessing = 0;
		};
		337C367B2A98057600920DE5 /* Frameworks */ = {
			isa = PBXFrameworksBuildPhase;
			buildActionMask = 2147483647;
			files = (
			);
			runOnlyForDeploymentPostprocessing = 0;
		};
		337C36852A98057600920DE5 /* Frameworks */ = {
			isa = PBXFrameworksBuildPhase;
			buildActionMask = 2147483647;
			files = (
			);
			runOnlyForDeploymentPostprocessing = 0;
		};
/* End PBXFrameworksBuildPhase section */

/* Begin PBXGroup section */
		337C36642A98057400920DE5 = {
			isa = PBXGroup;
			children = (
				337C366F2A98057400920DE5 /* Keyboards */,
				337C36812A98057600920DE5 /* KeyboardsTests */,
				337C368B2A98057600920DE5 /* KeyboardsUITests */,
				337C366E2A98057400920DE5 /* Products */,
			);
			sourceTree = "<group>";
		};
		337C366E2A98057400920DE5 /* Products */ = {
			isa = PBXGroup;
			children = (
				337C366D2A98057400920DE5 /* Keyboards.app */,
				337C367E2A98057600920DE5 /* KeyboardsTests.xctest */,
				337C36882A98057600920DE5 /* KeyboardsUITests.xctest */,
			);
			name = Products;
			sourceTree = "<group>";
		};
		337C366F2A98057400920DE5 /* Keyboards */ = {
			isa = PBXGroup;
			children = (
				337C36702A98057400920DE5 /* KeyboardsApp.swift */,
				337C36722A98057400920DE5 /* ContentView.swift */,
				337C36742A98057600920DE5 /* Assets.xcassets */,
				337C36762A98057600920DE5 /* Keyboards.entitlements */,
				337C36772A98057600920DE5 /* Preview Content */,
			);
			path = Keyboards;
			sourceTree = "<group>";
		};
		337C36772A98057600920DE5 /* Preview Content */ = {
			isa = PBXGroup;
			children = (
				337C36782A98057600920DE5 /* Preview Assets.xcassets */,
			);
			path = "Preview Content";
			sourceTree = "<group>";
		};
		337C36812A98057600920DE5 /* KeyboardsTests */ = {
			isa = PBXGroup;
			children = (
				337C36822A98057600920DE5 /* KeyboardsTests.swift */,
			);
			path = KeyboardsTests;
			sourceTree = "<group>";
		};
		337C368B2A98057600920DE5 /* KeyboardsUITests */ = {
			isa = PBXGroup;
			children = (
				337C368C2A98057600920DE5 /* KeyboardsUITests.swift */,
				337C368E2A98057600920DE5 /* KeyboardsUITestsLaunchTests.swift */,
			);
			path = KeyboardsUITests;
			sourceTree = "<group>";
		};
/* End PBXGroup section */

/* Begin PBXNativeTarget section */
		337C366C2A98057400920DE5 /* Keyboards */ = {
			isa = PBXNativeTarget;
			buildConfigurationList = 337C36922A98057600920DE5 /* Build configuration list for PBXNativeTarget "Keyboards" */;
			buildPhases = (
				337C36692A98057400920DE5 /* Sources */,
				337C366A2A98057400920DE5 /* Frameworks */,
				337C366B2A98057400920DE5 /* Resources */,
			);
			buildRules = (
			);
			dependencies = (
			);
			name = Keyboards;
			productName = Keyboards;
			productReference = 337C366D2A98057400920DE5 /* Keyboards.app */;
			productType = "com.apple.product-type.application";
		};
		337C367D2A98057600920DE5 /* KeyboardsTests */ = {
			isa = PBXNativeTarget;
			buildConfigurationList = 337C36952A98057600920DE5 /* Build configuration list for PBXNativeTarget "KeyboardsTests" */;
			buildPhases = (
				337C367A2A98057600920DE5 /* Sources */,
				337C367B2A98057600920DE5 /* Frameworks */,
				337C367C2A98057600920DE5 /* Resources */,
			);
			buildRules = (
			);
			dependencies = (
				337C36802A98057600920DE5 /* PBXTargetDependency */,
			);
			name = KeyboardsTests;
			productName = KeyboardsTests;
			productReference = 337C367E2A98057600920DE5 /* KeyboardsTests.xctest */;
			productType = "com.apple.product-type.bundle.unit-test";
		};
		337C36872A98057600920DE5 /* KeyboardsUITests */ = {
			isa = PBXNativeTarget;
			buildConfigurationList = 337C36982A98057600920DE5 /* Build configuration list for PBXNativeTarget "KeyboardsUITests" */;
			buildPhases = (
				337C36842A98057600920DE5 /* Sources */,
				337C36852A98057600920DE5 /* Frameworks */,
				337C36862A98057600920DE5 /* Resources */,
			);
			buildRules = (
			);
			dependencies = (
				337C368A2A98057600920DE5 /* PBXTargetDependency */,
			);
			name = KeyboardsUITests;
			productName = KeyboardsUITests;
			productReference = 337C36882A98057600920DE5 /* KeyboardsUITests.xctest */;
			productType = "com.apple.product-type.bundle.ui-testing";
		};
/* End PBXNativeTarget section */

/* Begin PBXProject section */
		337C36652A98057400920DE5 /* Project object */ = {
			isa = PBXProject;
			attributes = {
				BuildIndependentTargetsInParallel = 1;
				LastSwiftUpdateCheck = 1430;
				LastUpgradeCheck = 1430;
				TargetAttributes = {
					337C366C2A98057400920DE5 = {
						CreatedOnToolsVersion = 14.3.1;
					};
					337C367D2A98057600920DE5 = {
						CreatedOnToolsVersion = 14.3.1;
						TestTargetID = 337C366C2A98057400920DE5;
					};
					337C36872A98057600920DE5 = {
						CreatedOnToolsVersion = 14.3.1;
						TestTargetID = 337C366C2A98057400920DE5;
					};
				};
			};
			buildConfigurationList = 337C36682A98057400920DE5 /* Build configuration list for PBXProject "Keyboards" */;
			compatibilityVersion = "Xcode 14.0";
			developmentRegion = en;
			hasScannedForEncodings = 0;
			knownRegions = (
				en,
				Base,
			);
			mainGroup = 337C36642A98057400920DE5;
			productRefGroup = 337C366E2A98057400920DE5 /* Products */;
			projectDirPath = "";
			projectRoot = "";
			targets = (
				337C366C2A98057400920DE5 /* Keyboards */,
				337C367D2A98057600920DE5 /* KeyboardsTests */,
				337C36872A98057600920DE5 /* KeyboardsUITests */,
			);
		};
/* End PBXProject section */

/* Begin PBXResourcesBuildPhase section */
		337C366B2A98057400920DE5 /* Resources */ = {
			isa = PBXResourcesBuildPhase;
			buildActionMask = 2147483647;
			files = (
				337C36792A98057600920DE5 /* Preview Assets.xcassets in Resources */,
				337C36752A98057600920DE5 /* Assets.xcassets in Resources */,
			);
			runOnlyForDeploymentPostprocessing = 0;
		};
		337C367C2A98057600920DE5 /* Resources */ = {
			isa = PBXResourcesBuildPhase;
			buildActionMask = 2147483647;
			files = (
			);
			runOnlyForDeploymentPostprocessing = 0;
		};
		337C36862A98057600920DE5 /* Resources */ = {
			isa = PBXResourcesBuildPhase;
			buildActionMask = 2147483647;
			files = (
			);
			runOnlyForDeploymentPostprocessing = 0;
		};
/* End PBXResourcesBuildPhase section */

/* Begin PBXSourcesBuildPhase section */
		337C36692A98057400920DE5 /* Sources */ = {
			isa = PBXSourcesBuildPhase;
			buildActionMask = 2147483647;
			files = (
				337C36732A98057400920DE5 /* ContentView.swift in Sources */,
				337C36712A98057400920DE5 /* KeyboardsApp.swift in Sources */,
			);
			runOnlyForDeploymentPostprocessing = 0;
		};
		337C367A2A98057600920DE5 /* Sources */ = {
			isa = PBXSourcesBuildPhase;
			buildActionMask = 2147483647;
			files = (
				337C36832A98057600920DE5 /* KeyboardsTests.swift in Sources */,
			);
			runOnlyForDeploymentPostprocessing = 0;
		};
		337C36842A98057600920DE5 /* Sources */ = {
			isa = PBXSourcesBuildPhase;
			buildActionMask = 2147483647;
			files = (
				337C368D2A98057600920DE5 /* KeyboardsUITests.swift in Sources */,
				337C368F2A98057600920DE5 /* KeyboardsUITestsLaunchTests.swift in Sources */,
			);
			runOnlyForDeploymentPostprocessing = 0;
		};
/* End PBXSourcesBuildPhase section */

/* Begin PBXTargetDependency section */
		337C36802A98057600920DE5 /* PBXTargetDependency */ = {
			isa = PBXTargetDependency;
			target = 337C366C2A98057400920DE5 /* Keyboards */;
			targetProxy = 337C367F2A98057600920DE5 /* PBXContainerItemProxy */;
		};
		337C368A2A98057600920DE5 /* PBXTargetDependency */ = {
			isa = PBXTargetDependency;
			target = 337C366C2A98057400920DE5 /* Keyboards */;
			targetProxy = 337C36892A98057600920DE5 /* PBXContainerItemProxy */;
		};
/* End PBXTargetDependency section */

/* Begin XCBuildConfiguration section */
		337C36902A98057600920DE5 /* Debug */ = {
			isa = XCBuildConfiguration;
			buildSettings = {
				ALWAYS_SEARCH_USER_PATHS = NO;
				CLANG_ANALYZER_NONNULL = YES;
				CLANG_ANALYZER_NUMBER_OBJECT_CONVERSION = YES_AGGRESSIVE;
				CLANG_CXX_LANGUAGE_STANDARD = "gnu++20";
				CLANG_ENABLE_MODULES = YES;
				CLANG_ENABLE_OBJC_ARC = YES;
				CLANG_ENABLE_OBJC_WEAK = YES;
				CLANG_WARN_BLOCK_CAPTURE_AUTORELEASING = YES;
				CLANG_WARN_BOOL_CONVERSION = YES;
				CLANG_WARN_COMMA = YES;
				CLANG_WARN_CONSTANT_CONVERSION = YES;
				CLANG_WARN_DEPRECATED_OBJC_IMPLEMENTATIONS = YES;
				CLANG_WARN_DIRECT_OBJC_ISA_USAGE = YES_ERROR;
				CLANG_WARN_DOCUMENTATION_COMMENTS = YES;
				CLANG_WARN_EMPTY_BODY = YES;
				CLANG_WARN_ENUM_CONVERSION = YES;
				CLANG_WARN_INFINITE_RECURSION = YES;
				CLANG_WARN_INT_CONVERSION = YES;
				CLANG_WARN_NON_LITERAL_NULL_CONVERSION = YES;
				CLANG_WARN_OBJC_IMPLICIT_RETAIN_SELF = YES;
				CLANG_WARN_OBJC_LITERAL_CONVERSION = YES;
				CLANG_WARN_OBJC_ROOT_CLASS = YES_ERROR;
				CLANG_WARN_QUOTED_INCLUDE_IN_FRAMEWORK_HEADER = YES;
				CLANG_WARN_RANGE_LOOP_ANALYSIS = YES;
				CLANG_WARN_STRICT_PROTOTYPES = YES;
				CLANG_WARN_SUSPICIOUS_MOVE = YES;
				CLANG_WARN_UNGUARDED_AVAILABILITY = YES_AGGRESSIVE;
				CLANG_WARN_UNREACHABLE_CODE = YES;
				CLANG_WARN__DUPLICATE_METHOD_MATCH = YES;
				COPY_PHASE_STRIP = NO;
				DEBUG_INFORMATION_FORMAT = dwarf;
				ENABLE_STRICT_OBJC_MSGSEND = YES;
				ENABLE_TESTABILITY = YES;
				GCC_C_LANGUAGE_STANDARD = gnu11;
				GCC_DYNAMIC_NO_PIC = NO;
				GCC_NO_COMMON_BLOCKS = YES;
				GCC_OPTIMIZATION_LEVEL = 0;
				GCC_PREPROCESSOR_DEFINITIONS = (
					"DEBUG=1",
					"$(inherited)",
				);
				GCC_WARN_64_TO_32_BIT_CONVERSION = YES;
				GCC_WARN_ABOUT_RETURN_TYPE = YES_ERROR;
				GCC_WARN_UNDECLARED_SELECTOR = YES;
				GCC_WARN_UNINITIALIZED_AUTOS = YES_AGGRESSIVE;
				GCC_WARN_UNUSED_FUNCTION = YES;
				GCC_WARN_UNUSED_VARIABLE = YES;
				MTL_ENABLE_DEBUG_INFO = INCLUDE_SOURCE;
				MTL_FAST_MATH = YES;
				ONLY_ACTIVE_ARCH = YES;
				SWIFT_ACTIVE_COMPILATION_CONDITIONS = DEBUG;
				SWIFT_OPTIMIZATION_LEVEL = "-Onone";
			};
			name = Debug;
		};
		337C36912A98057600920DE5 /* Release */ = {
			isa = XCBuildConfiguration;
			buildSettings = {
				ALWAYS_SEARCH_USER_PATHS = NO;
				CLANG_ANALYZER_NONNULL = YES;
				CLANG_ANALYZER_NUMBER_OBJECT_CONVERSION = YES_AGGRESSIVE;
				CLANG_CXX_LANGUAGE_STANDARD = "gnu++20";
				CLANG_ENABLE_MODULES = YES;
				CLANG_ENABLE_OBJC_ARC = YES;
				CLANG_ENABLE_OBJC_WEAK = YES;
				CLANG_WARN_BLOCK_CAPTURE_AUTORELEASING = YES;
				CLANG_WARN_BOOL_CONVERSION = YES;
				CLANG_WARN_COMMA = YES;
				CLANG_WARN_CONSTANT_CONVERSION = YES;
				CLANG_WARN_DEPRECATED_OBJC_IMPLEMENTATIONS = YES;
				CLANG_WARN_DIRECT_OBJC_ISA_USAGE = YES_ERROR;
				CLANG_WARN_DOCUMENTATION_COMMENTS = YES;
				CLANG_WARN_EMPTY_BODY = YES;
				CLANG_WARN_ENUM_CONVERSION = YES;
				CLANG_WARN_INFINITE_RECURSION = YES;
				CLANG_WARN_INT_CONVERSION = YES;
				CLANG_WARN_NON_LITERAL_NULL_CONVERSION = YES;
				CLANG_WARN_OBJC_IMPLICIT_RETAIN_SELF = YES;
				CLANG_WARN_OBJC_LITERAL_CONVERSION = YES;
				CLANG_WARN_OBJC_ROOT_CLASS = YES_ERROR;
				CLANG_WARN_QUOTED_INCLUDE_IN_FRAMEWORK_HEADER = YES;
				CLANG_WARN_RANGE_LOOP_ANALYSIS = YES;
				CLANG_WARN_STRICT_PROTOTYPES = YES;
				CLANG_WARN_SUSPICIOUS_MOVE = YES;
				CLANG_WARN_UNGUARDED_AVAILABILITY = YES_AGGRESSIVE;
				CLANG_WARN_UNREACHABLE_CODE = YES;
				CLANG_WARN__DUPLICATE_METHOD_MATCH = YES;
				COPY_PHASE_STRIP = NO;
				DEBUG_INFORMATION_FORMAT = "dwarf-with-dsym";
				ENABLE_NS_ASSERTIONS = NO;
				ENABLE_STRICT_OBJC_MSGSEND = YES;
				GCC_C_LANGUAGE_STANDARD = gnu11;
				GCC_NO_COMMON_BLOCKS = YES;
				GCC_WARN_64_TO_32_BIT_CONVERSION = YES;
				GCC_WARN_ABOUT_RETURN_TYPE = YES_ERROR;
				GCC_WARN_UNDECLARED_SELECTOR = YES;
				GCC_WARN_UNINITIALIZED_AUTOS = YES_AGGRESSIVE;
				GCC_WARN_UNUSED_FUNCTION = YES;
				GCC_WARN_UNUSED_VARIABLE = YES;
				MTL_ENABLE_DEBUG_INFO = NO;
				MTL_FAST_MATH = YES;
				SWIFT_COMPILATION_MODE = wholemodule;
				SWIFT_OPTIMIZATION_LEVEL = "-O";
			};
			name = Release;
		};
		337C36932A98057600920DE5 /* Debug */ = {
			isa = XCBuildConfiguration;
			buildSettings = {
				ASSETCATALOG_COMPILER_APPICON_NAME = AppIcon;
				ASSETCATALOG_COMPILER_GLOBAL_ACCENT_COLOR_NAME = AccentColor;
				CODE_SIGN_ENTITLEMENTS = Keyboards/Keyboards.entitlements;
				CODE_SIGN_STYLE = Automatic;
				CURRENT_PROJECT_VERSION = 1;
				DEVELOPMENT_ASSET_PATHS = "\"Keyboards/Preview Content\"";
				DEVELOPMENT_TEAM = ME637H7ZM9;
				ENABLE_HARDENED_RUNTIME = YES;
				ENABLE_PREVIEWS = YES;
				GENERATE_INFOPLIST_FILE = YES;
				"INFOPLIST_KEY_UIApplicationSceneManifest_Generation[sdk=iphoneos*]" = YES;
				"INFOPLIST_KEY_UIApplicationSceneManifest_Generation[sdk=iphonesimulator*]" = YES;
				"INFOPLIST_KEY_UIApplicationSupportsIndirectInputEvents[sdk=iphoneos*]" = YES;
				"INFOPLIST_KEY_UIApplicationSupportsIndirectInputEvents[sdk=iphonesimulator*]" = YES;
				"INFOPLIST_KEY_UILaunchScreen_Generation[sdk=iphoneos*]" = YES;
				"INFOPLIST_KEY_UILaunchScreen_Generation[sdk=iphonesimulator*]" = YES;
				"INFOPLIST_KEY_UIStatusBarStyle[sdk=iphoneos*]" = UIStatusBarStyleDefault;
				"INFOPLIST_KEY_UIStatusBarStyle[sdk=iphonesimulator*]" = UIStatusBarStyleDefault;
				INFOPLIST_KEY_UISupportedInterfaceOrientations_iPad = "UIInterfaceOrientationPortrait UIInterfaceOrientationPortraitUpsideDown UIInterfaceOrientationLandscapeLeft UIInterfaceOrientationLandscapeRight";
				INFOPLIST_KEY_UISupportedInterfaceOrientations_iPhone = "UIInterfaceOrientationPortrait UIInterfaceOrientationLandscapeLeft UIInterfaceOrientationLandscapeRight";
				IPHONEOS_DEPLOYMENT_TARGET = 16.4;
				LD_RUNPATH_SEARCH_PATHS = "@executable_path/Frameworks";
				"LD_RUNPATH_SEARCH_PATHS[sdk=macosx*]" = "@executable_path/../Frameworks";
				MACOSX_DEPLOYMENT_TARGET = 13.3;
				MARKETING_VERSION = 1.0;
				PRODUCT_BUNDLE_IDENTIFIER = com.deda.Keyboards;
				PRODUCT_NAME = "$(TARGET_NAME)";
				SDKROOT = auto;
				SUPPORTED_PLATFORMS = "iphoneos iphonesimulator macosx";
				SWIFT_EMIT_LOC_STRINGS = YES;
				SWIFT_VERSION = 5.0;
				TARGETED_DEVICE_FAMILY = "1,2";
			};
			name = Debug;
		};
		337C36942A98057600920DE5 /* Release */ = {
			isa = XCBuildConfiguration;
			buildSettings = {
				ASSETCATALOG_COMPILER_APPICON_NAME = AppIcon;
				ASSETCATALOG_COMPILER_GLOBAL_ACCENT_COLOR_NAME = AccentColor;
				CODE_SIGN_ENTITLEMENTS = Keyboards/Keyboards.entitlements;
				CODE_SIGN_STYLE = Automatic;
				CURRENT_PROJECT_VERSION = 1;
				DEVELOPMENT_ASSET_PATHS = "\"Keyboards/Preview Content\"";
				DEVELOPMENT_TEAM = ME637H7ZM9;
				ENABLE_HARDENED_RUNTIME = YES;
				ENABLE_PREVIEWS = YES;
				GENERATE_INFOPLIST_FILE = YES;
				"INFOPLIST_KEY_UIApplicationSceneManifest_Generation[sdk=iphoneos*]" = YES;
				"INFOPLIST_KEY_UIApplicationSceneManifest_Generation[sdk=iphonesimulator*]" = YES;
				"INFOPLIST_KEY_UIApplicationSupportsIndirectInputEvents[sdk=iphoneos*]" = YES;
				"INFOPLIST_KEY_UIApplicationSupportsIndirectInputEvents[sdk=iphonesimulator*]" = YES;
				"INFOPLIST_KEY_UILaunchScreen_Generation[sdk=iphoneos*]" = YES;
				"INFOPLIST_KEY_UILaunchScreen_Generation[sdk=iphonesimulator*]" = YES;
				"INFOPLIST_KEY_UIStatusBarStyle[sdk=iphoneos*]" = UIStatusBarStyleDefault;
				"INFOPLIST_KEY_UIStatusBarStyle[sdk=iphonesimulator*]" = UIStatusBarStyleDefault;
				INFOPLIST_KEY_UISupportedInterfaceOrientations_iPad = "UIInterfaceOrientationPortrait UIInterfaceOrientationPortraitUpsideDown UIInterfaceOrientationLandscapeLeft UIInterfaceOrientationLandscapeRight";
				INFOPLIST_KEY_UISupportedInterfaceOrientations_iPhone = "UIInterfaceOrientationPortrait UIInterfaceOrientationLandscapeLeft UIInterfaceOrientationLandscapeRight";
				IPHONEOS_DEPLOYMENT_TARGET = 16.4;
				LD_RUNPATH_SEARCH_PATHS = "@executable_path/Frameworks";
				"LD_RUNPATH_SEARCH_PATHS[sdk=macosx*]" = "@executable_path/../Frameworks";
				MACOSX_DEPLOYMENT_TARGET = 13.3;
				MARKETING_VERSION = 1.0;
				PRODUCT_BUNDLE_IDENTIFIER = com.deda.Keyboards;
				PRODUCT_NAME = "$(TARGET_NAME)";
				SDKROOT = auto;
				SUPPORTED_PLATFORMS = "iphoneos iphonesimulator macosx";
				SWIFT_EMIT_LOC_STRINGS = YES;
				SWIFT_VERSION = 5.0;
				TARGETED_DEVICE_FAMILY = "1,2";
			};
			name = Release;
		};
		337C36962A98057600920DE5 /* Debug */ = {
			isa = XCBuildConfiguration;
			buildSettings = {
				ALWAYS_EMBED_SWIFT_STANDARD_LIBRARIES = YES;
				BUNDLE_LOADER = "$(TEST_HOST)";
				CODE_SIGN_STYLE = Automatic;
				CURRENT_PROJECT_VERSION = 1;
				DEVELOPMENT_TEAM = ME637H7ZM9;
				GENERATE_INFOPLIST_FILE = YES;
				IPHONEOS_DEPLOYMENT_TARGET = 16.4;
				MACOSX_DEPLOYMENT_TARGET = 13.3;
				MARKETING_VERSION = 1.0;
				PRODUCT_BUNDLE_IDENTIFIER = com.deda.KeyboardsTests;
				PRODUCT_NAME = "$(TARGET_NAME)";
				SDKROOT = auto;
				SUPPORTED_PLATFORMS = "iphoneos iphonesimulator macosx";
				SWIFT_EMIT_LOC_STRINGS = NO;
				SWIFT_VERSION = 5.0;
				TARGETED_DEVICE_FAMILY = "1,2";
				TEST_HOST = "$(BUILT_PRODUCTS_DIR)/Keyboards.app/$(BUNDLE_EXECUTABLE_FOLDER_PATH)/Keyboards";
			};
			name = Debug;
		};
		337C36972A98057600920DE5 /* Release */ = {
			isa = XCBuildConfiguration;
			buildSettings = {
				ALWAYS_EMBED_SWIFT_STANDARD_LIBRARIES = YES;
				BUNDLE_LOADER = "$(TEST_HOST)";
				CODE_SIGN_STYLE = Automatic;
				CURRENT_PROJECT_VERSION = 1;
				DEVELOPMENT_TEAM = ME637H7ZM9;
				GENERATE_INFOPLIST_FILE = YES;
				IPHONEOS_DEPLOYMENT_TARGET = 16.4;
				MACOSX_DEPLOYMENT_TARGET = 13.3;
				MARKETING_VERSION = 1.0;
				PRODUCT_BUNDLE_IDENTIFIER = com.deda.KeyboardsTests;
				PRODUCT_NAME = "$(TARGET_NAME)";
				SDKROOT = auto;
				SUPPORTED_PLATFORMS = "iphoneos iphonesimulator macosx";
				SWIFT_EMIT_LOC_STRINGS = NO;
				SWIFT_VERSION = 5.0;
				TARGETED_DEVICE_FAMILY = "1,2";
				TEST_HOST = "$(BUILT_PRODUCTS_DIR)/Keyboards.app/$(BUNDLE_EXECUTABLE_FOLDER_PATH)/Keyboards";
			};
			name = Release;
		};
		337C36992A98057600920DE5 /* Debug */ = {
			isa = XCBuildConfiguration;
			buildSettings = {
				ALWAYS_EMBED_SWIFT_STANDARD_LIBRARIES = YES;
				CODE_SIGN_STYLE = Automatic;
				CURRENT_PROJECT_VERSION = 1;
				DEVELOPMENT_TEAM = ME637H7ZM9;
				GENERATE_INFOPLIST_FILE = YES;
				IPHONEOS_DEPLOYMENT_TARGET = 16.4;
				MACOSX_DEPLOYMENT_TARGET = 13.3;
				MARKETING_VERSION = 1.0;
				PRODUCT_BUNDLE_IDENTIFIER = com.deda.KeyboardsUITests;
				PRODUCT_NAME = "$(TARGET_NAME)";
				SDKROOT = auto;
				SUPPORTED_PLATFORMS = "iphoneos iphonesimulator macosx";
				SWIFT_EMIT_LOC_STRINGS = NO;
				SWIFT_VERSION = 5.0;
				TARGETED_DEVICE_FAMILY = "1,2";
				TEST_TARGET_NAME = Keyboards;
			};
			name = Debug;
		};
		337C369A2A98057600920DE5 /* Release */ = {
			isa = XCBuildConfiguration;
			buildSettings = {
				ALWAYS_EMBED_SWIFT_STANDARD_LIBRARIES = YES;
				CODE_SIGN_STYLE = Automatic;
				CURRENT_PROJECT_VERSION = 1;
				DEVELOPMENT_TEAM = ME637H7ZM9;
				GENERATE_INFOPLIST_FILE = YES;
				IPHONEOS_DEPLOYMENT_TARGET = 16.4;
				MACOSX_DEPLOYMENT_TARGET = 13.3;
				MARKETING_VERSION = 1.0;
				PRODUCT_BUNDLE_IDENTIFIER = com.deda.KeyboardsUITests;
				PRODUCT_NAME = "$(TARGET_NAME)";
				SDKROOT = auto;
				SUPPORTED_PLATFORMS = "iphoneos iphonesimulator macosx";
				SWIFT_EMIT_LOC_STRINGS = NO;
				SWIFT_VERSION = 5.0;
				TARGETED_DEVICE_FAMILY = "1,2";
				TEST_TARGET_NAME = Keyboards;
			};
			name = Release;
		};
/* End XCBuildConfiguration section */

/* Begin XCConfigurationList section */
		337C36682A98057400920DE5 /* Build configuration list for PBXProject "Keyboards" */ = {
			isa = XCConfigurationList;
			buildConfigurations = (
				337C36902A98057600920DE5 /* Debug */,
				337C36912A98057600920DE5 /* Release */,
			);
			defaultConfigurationIsVisible = 0;
			defaultConfigurationName = Release;
		};
		337C36922A98057600920DE5 /* Build configuration list for PBXNativeTarget "Keyboards" */ = {
			isa = XCConfigurationList;
			buildConfigurations = (
				337C36932A98057600920DE5 /* Debug */,
				337C36942A98057600920DE5 /* Release */,
			);
			defaultConfigurationIsVisible = 0;
			defaultConfigurationName = Release;
		};
		337C36952A98057600920DE5 /* Build configuration list for PBXNativeTarget "KeyboardsTests" */ = {
			isa = XCConfigurationList;
			buildConfigurations = (
				337C36962A98057600920DE5 /* Debug */,
				337C36972A98057600920DE5 /* Release */,
			);
			defaultConfigurationIsVisible = 0;
			defaultConfigurationName = Release;
		};
		337C36982A98057600920DE5 /* Build configuration list for PBXNativeTarget "KeyboardsUITests" */ = {
			isa = XCConfigurationList;
			buildConfigurations = (
				337C36992A98057600920DE5 /* Debug */,
				337C369A2A98057600920DE5 /* Release */,
			);
			defaultConfigurationIsVisible = 0;
			defaultConfigurationName = Release;
		};
/* End XCConfigurationList section */
	};
	rootObject = 337C36652A98057400920DE5 /* Project object */;
}
